// !$*UTF8*$!
{
	archiveVersion = 1;
	classes = {
	};
	objectVersion = 71;
	objects = {

/* Begin PBXBuildFile section */
		C00000000000000000000001 /* TimeEntry.swift in Sources */ = {isa = PBXBuildFile; fileRef = B00000000000000000000001 /* TimeEntry.swift */; };
		C00000000000000000000002 /* TimesheetMath.swift in Sources */ = {isa = PBXBuildFile; fileRef = B00000000000000000000002 /* TimesheetMath.swift */; };
		C00000000000000000000003 /* DurationText.swift in Sources */ = {isa = PBXBuildFile; fileRef = B00000000000000000000003 /* DurationText.swift */; };
		C00000000000000000000004 /* LuccaWebSession.swift in Sources */ = {isa = PBXBuildFile; fileRef = B00000000000000000000004 /* LuccaWebSession.swift */; };
		C00000000000000000000005 /* PhoneWatchBridge.swift in Sources */ = {isa = PBXBuildFile; fileRef = B00000000000000000000005 /* PhoneWatchBridge.swift */; };
		C00000000000000000000006 /* YuccaApp.swift in Sources */ = {isa = PBXBuildFile; fileRef = B00000000000000000000006 /* YuccaApp.swift */; };
		C00000000000000000000007 /* RootView.swift in Sources */ = {isa = PBXBuildFile; fileRef = B00000000000000000000007 /* RootView.swift */; };
		C00000000000000000000008 /* TimeEntry.swift in Sources */ = {isa = PBXBuildFile; fileRef = B00000000000000000000001 /* TimeEntry.swift */; };
		C00000000000000000000009 /* TimesheetMath.swift in Sources */ = {isa = PBXBuildFile; fileRef = B00000000000000000000002 /* TimesheetMath.swift */; };
		C0000000000000000000000A /* DurationText.swift in Sources */ = {isa = PBXBuildFile; fileRef = B00000000000000000000003 /* DurationText.swift */; };
		C0000000000000000000000B /* YuccaWatchApp.swift in Sources */ = {isa = PBXBuildFile; fileRef = B00000000000000000000008 /* YuccaWatchApp.swift */; };
		C0000000000000000000000C /* WatchSession.swift in Sources */ = {isa = PBXBuildFile; fileRef = B00000000000000000000009 /* WatchSession.swift */; };
		C0000000000000000000000D /* WatchDashboardView.swift in Sources */ = {isa = PBXBuildFile; fileRef = B0000000000000000000000A /* WatchDashboardView.swift */; };
		C0000000000000000000000E /* TimesheetMathTests.swift in Sources */ = {isa = PBXBuildFile; fileRef = B0000000000000000000000B /* TimesheetMathTests.swift */; };
/* End PBXBuildFile section */

/* Begin PBXContainerItemProxy section */
		D00000000000000000000002 /* PBXContainerItemProxy */ = {
			isa = PBXContainerItemProxy;
			containerPortal = F00000000000000000000001 /* Project object */;
			proxyType = 1;
			remoteGlobalIDString = E00000000000000000000001;
			remoteInfo = Yucca;
		};
/* End PBXContainerItemProxy section */

/* Begin PBXFileReference section */
		A00000000000000000000001 /* Yucca.app */ = {isa = PBXFileReference; explicitFileType = wrapper.application; includeInIndex = 0; path = Yucca.app; sourceTree = BUILT_PRODUCTS_DIR; };
		A00000000000000000000002 /* Yucca Watch App.app */ = {isa = PBXFileReference; explicitFileType = wrapper.application; includeInIndex = 0; path = "Yucca Watch App.app"; sourceTree = BUILT_PRODUCTS_DIR; };
		A00000000000000000000003 /* YuccaTests.xctest */ = {isa = PBXFileReference; explicitFileType = wrapper.cfbundle; includeInIndex = 0; path = YuccaTests.xctest; sourceTree = BUILT_PRODUCTS_DIR; };
		B00000000000000000000001 /* TimeEntry.swift */ = {isa = PBXFileReference; lastKnownFileType = sourcecode.swift; path = TimeEntry.swift; sourceTree = "<group>"; };
		B00000000000000000000002 /* TimesheetMath.swift */ = {isa = PBXFileReference; lastKnownFileType = sourcecode.swift; path = TimesheetMath.swift; sourceTree = "<group>"; };
		B00000000000000000000003 /* DurationText.swift */ = {isa = PBXFileReference; lastKnownFileType = sourcecode.swift; path = DurationText.swift; sourceTree = "<group>"; };
		B00000000000000000000004 /* LuccaWebSession.swift */ = {isa = PBXFileReference; lastKnownFileType = sourcecode.swift; path = LuccaWebSession.swift; sourceTree = "<group>"; };
		B00000000000000000000005 /* PhoneWatchBridge.swift */ = {isa = PBXFileReference; lastKnownFileType = sourcecode.swift; path = PhoneWatchBridge.swift; sourceTree = "<group>"; };
		B00000000000000000000006 /* YuccaApp.swift */ = {isa = PBXFileReference; lastKnownFileType = sourcecode.swift; path = YuccaApp.swift; sourceTree = "<group>"; };
		B00000000000000000000007 /* RootView.swift */ = {isa = PBXFileReference; lastKnownFileType = sourcecode.swift; path = RootView.swift; sourceTree = "<group>"; };
		B00000000000000000000008 /* YuccaWatchApp.swift */ = {isa = PBXFileReference; lastKnownFileType = sourcecode.swift; path = YuccaWatchApp.swift; sourceTree = "<group>"; };
		B00000000000000000000009 /* WatchSession.swift */ = {isa = PBXFileReference; lastKnownFileType = sourcecode.swift; path = WatchSession.swift; sourceTree = "<group>"; };
		B0000000000000000000000A /* WatchDashboardView.swift */ = {isa = PBXFileReference; lastKnownFileType = sourcecode.swift; path = WatchDashboardView.swift; sourceTree = "<group>"; };
		B0000000000000000000000B /* TimesheetMathTests.swift */ = {isa = PBXFileReference; lastKnownFileType = sourcecode.swift; path = TimesheetMathTests.swift; sourceTree = "<group>"; };
/* End PBXFileReference section */

/* Begin PBXFrameworksBuildPhase section */
		D20000000000000000000001 /* Frameworks */ = {
			isa = PBXFrameworksBuildPhase;
			buildActionMask = 2147483647;
			files = (
			);
			runOnlyForDeploymentPostprocessing = 0;
		};
		D20000000000000000000002 /* Frameworks */ = {
			isa = PBXFrameworksBuildPhase;
			buildActionMask = 2147483647;
			files = (
			);
			runOnlyForDeploymentPostprocessing = 0;
		};
		D20000000000000000000003 /* Frameworks */ = {
			isa = PBXFrameworksBuildPhase;
			buildActionMask = 2147483647;
			files = (
			);
			runOnlyForDeploymentPostprocessing = 0;
		};
/* End PBXFrameworksBuildPhase section */

/* Begin PBXGroup section */
		F10000000000000000000001 = {
			isa = PBXGroup;
			children = (
				F10000000000000000000002 /* Shared */,
				F10000000000000000000003 /* iOS */,
				F10000000000000000000004 /* Watch */,
				F10000000000000000000005 /* Tests */,
				F10000000000000000000006 /* Products */,
			);
			sourceTree = "<group>";
		};
		F10000000000000000000002 /* Shared */ = {
			isa = PBXGroup;
			children = (
				B00000000000000000000001 /* TimeEntry.swift */,
				B00000000000000000000002 /* TimesheetMath.swift */,
				B00000000000000000000003 /* DurationText.swift */,
			);
			path = Shared;
			sourceTree = "<group>";
		};
		F10000000000000000000003 /* iOS */ = {
			isa = PBXGroup;
			children = (
				B00000000000000000000006 /* YuccaApp.swift */,
				B00000000000000000000007 /* RootView.swift */,
				B00000000000000000000004 /* LuccaWebSession.swift */,
				B00000000000000000000005 /* PhoneWatchBridge.swift */,
			);
			path = iOS;
			sourceTree = "<group>";
		};
		F10000000000000000000004 /* Watch */ = {
			isa = PBXGroup;
			children = (
				B00000000000000000000008 /* YuccaWatchApp.swift */,
				B00000000000000000000009 /* WatchSession.swift */,
				B0000000000000000000000A /* WatchDashboardView.swift */,
			);
			path = Watch;
			sourceTree = "<group>";
		};
		F10000000000000000000005 /* Tests */ = {
			isa = PBXGroup;
			children = (
				B0000000000000000000000B /* TimesheetMathTests.swift */,
			);
			path = Tests;
			sourceTree = "<group>";
		};
		F10000000000000000000006 /* Products */ = {
			isa = PBXGroup;
			children = (
				A00000000000000000000001 /* Yucca.app */,
				A00000000000000000000002 /* Yucca Watch App.app */,
				A00000000000000000000003 /* YuccaTests.xctest */,
			);
			name = Products;
			sourceTree = "<group>";
		};
/* End PBXGroup section */

/* Begin PBXNativeTarget section */
		E00000000000000000000001 /* Yucca */ = {
			isa = PBXNativeTarget;
			buildConfigurationList = F30000000000000000000001 /* Build configuration list for PBXNativeTarget "Yucca" */;
			buildPhases = (
				D40000000000000000000001 /* Sources */,
				D20000000000000000000001 /* Frameworks */,
				D50000000000000000000001 /* Resources */,
			);
			buildRules = (
			);
			dependencies = (
			);
			name = Yucca;
			productName = Yucca;
			productReference = A00000000000000000000001 /* Yucca.app */;
			productType = "com.apple.product-type.application";
		};
		E00000000000000000000002 /* Yucca Watch App */ = {
			isa = PBXNativeTarget;
			buildConfigurationList = F30000000000000000000002 /* Build configuration list for PBXNativeTarget "Yucca Watch App" */;
			buildPhases = (
				D40000000000000000000002 /* Sources */,
				D20000000000000000000002 /* Frameworks */,
				D50000000000000000000002 /* Resources */,
			);
			buildRules = (
			);
			dependencies = (
			);
			name = "Yucca Watch App";
			productName = "Yucca Watch App";
			productReference = A00000000000000000000002 /* Yucca Watch App.app */;
			productType = "com.apple.product-type.application";
		};
		E00000000000000000000003 /* YuccaTests */ = {
			isa = PBXNativeTarget;
			buildConfigurationList = F30000000000000000000003 /* Build configuration list for PBXNativeTarget "YuccaTests" */;
			buildPhases = (
				D40000000000000000000003 /* Sources */,
				D20000000000000000000003 /* Frameworks */,
				D50000000000000000000003 /* Resources */,
			);
			buildRules = (
			);
			dependencies = (
				D60000000000000000000002 /* PBXTargetDependency */,
			);
			name = YuccaTests;
			productName = YuccaTests;
			productReference = A00000000000000000000003 /* YuccaTests.xctest */;
			productType = "com.apple.product-type.bundle.unit-test";
		};
/* End PBXNativeTarget section */

/* Begin PBXProject section */
		F00000000000000000000001 /* Project object */ = {
			isa = PBXProject;
			attributes = {
				BuildIndependentTargetsInParallel = 1;
				LastSwiftUpdateCheck = 2640;
				LastUpgradeCheck = 2640;
				TargetAttributes = {
					E00000000000000000000001 = {
						CreatedOnToolsVersion = 26.4;
					};
					E00000000000000000000002 = {
						CreatedOnToolsVersion = 26.4;
					};
					E00000000000000000000003 = {
						CreatedOnToolsVersion = 26.4;
						TestTargetID = E00000000000000000000001;
					};
				};
			};
			buildConfigurationList = F30000000000000000000004 /* Build configuration list for PBXProject "Yucca" */;
			compatibilityVersion = "Xcode 16.0";
			developmentRegion = en;
			hasScannedForEncodings = 0;
			knownRegions = (
				en,
				Base,
			);
			mainGroup = F10000000000000000000001;
			productRefGroup = F10000000000000000000006 /* Products */;
			projectDirPath = "";
			projectRoot = "";
			targets = (
				E00000000000000000000001 /* Yucca */,
				E00000000000000000000002 /* Yucca Watch App */,
				E00000000000000000000003 /* YuccaTests */,
			);
		};
/* End PBXProject section */

/* Begin PBXResourcesBuildPhase section */
		D50000000000000000000001 /* Resources */ = {
			isa = PBXResourcesBuildPhase;
			buildActionMask = 2147483647;
			files = (
			);
			runOnlyForDeploymentPostprocessing = 0;
		};
		D50000000000000000000002 /* Resources */ = {
			isa = PBXResourcesBuildPhase;
			buildActionMask = 2147483647;
			files = (
			);
			runOnlyForDeploymentPostprocessing = 0;
		};
		D50000000000000000000003 /* Resources */ = {
			isa = PBXResourcesBuildPhase;
			buildActionMask = 2147483647;
			files = (
			);
			runOnlyForDeploymentPostprocessing = 0;
		};
/* End PBXResourcesBuildPhase section */

/* Begin PBXSourcesBuildPhase section */
		D40000000000000000000001 /* Sources */ = {
			isa = PBXSourcesBuildPhase;
			buildActionMask = 2147483647;
			files = (
				C00000000000000000000001 /* TimeEntry.swift in Sources */,
				C00000000000000000000002 /* TimesheetMath.swift in Sources */,
				C00000000000000000000003 /* DurationText.swift in Sources */,
				C00000000000000000000004 /* LuccaWebSession.swift in Sources */,
				C00000000000000000000006 /* YuccaApp.swift in Sources */,
				C00000000000000000000007 /* RootView.swift in Sources */,
			);
			runOnlyForDeploymentPostprocessing = 0;
		};
		D40000000000000000000002 /* Sources */ = {
			isa = PBXSourcesBuildPhase;
			buildActionMask = 2147483647;
			files = (
				C00000000000000000000008 /* TimeEntry.swift in Sources */,
				C00000000000000000000009 /* TimesheetMath.swift in Sources */,
				C0000000000000000000000A /* DurationText.swift in Sources */,
				C0000000000000000000000B /* YuccaWatchApp.swift in Sources */,
				C0000000000000000000000C /* WatchSession.swift in Sources */,
				C0000000000000000000000D /* WatchDashboardView.swift in Sources */,
			);
			runOnlyForDeploymentPostprocessing = 0;
		};
		D40000000000000000000003 /* Sources */ = {
			isa = PBXSourcesBuildPhase;
			buildActionMask = 2147483647;
			files = (
				C0000000000000000000000E /* TimesheetMathTests.swift in Sources */,
			);
			runOnlyForDeploymentPostprocessing = 0;
		};
/* End PBXSourcesBuildPhase section */

/* Begin PBXTargetDependency section */
		D60000000000000000000002 /* PBXTargetDependency */ = {
			isa = PBXTargetDependency;
			target = E00000000000000000000001 /* Yucca */;
			targetProxy = D00000000000000000000002 /* PBXContainerItemProxy */;
		};
/* End PBXTargetDependency section */

/* Begin XCBuildConfiguration section */
		F20000000000000000000001 /* Debug */ = {
			isa = XCBuildConfiguration;
			buildSettings = {
				ALWAYS_SEARCH_USER_PATHS = NO;
				CLANG_ENABLE_MODULES = YES;
				CLANG_ENABLE_OBJC_ARC = YES;
				COPY_PHASE_STRIP = NO;
				DEBUG_INFORMATION_FORMAT = dwarf;
				ENABLE_TESTABILITY = YES;
				GCC_C_LANGUAGE_STANDARD = gnu17;
				GCC_OPTIMIZATION_LEVEL = 0;
				GCC_PREPROCESSOR_DEFINITIONS = (
					"DEBUG=1",
					"$(inherited)",
				);
				IPHONEOS_DEPLOYMENT_TARGET = 17.0;
				MTL_ENABLE_DEBUG_INFO = INCLUDE_SOURCE;
				ONLY_ACTIVE_ARCH = YES;
				SDKROOT = iphoneos;
				SWIFT_ACTIVE_COMPILATION_CONDITIONS = DEBUG;
				SWIFT_OPTIMIZATION_LEVEL = "-Onone";
				SWIFT_VERSION = 6.0;
				WATCHOS_DEPLOYMENT_TARGET = 10.0;
			};
			name = Debug;
		};
		F20000000000000000000002 /* Release */ = {
			isa = XCBuildConfiguration;
			buildSettings = {
				ALWAYS_SEARCH_USER_PATHS = NO;
				CLANG_ENABLE_MODULES = YES;
				CLANG_ENABLE_OBJC_ARC = YES;
				COPY_PHASE_STRIP = NO;
				DEBUG_INFORMATION_FORMAT = "dwarf-with-dsym";
				ENABLE_NS_ASSERTIONS = NO;
				GCC_C_LANGUAGE_STANDARD = gnu17;
				MTL_ENABLE_DEBUG_INFO = NO;
				SDKROOT = iphoneos;
				SWIFT_COMPILATION_MODE = wholemodule;
				SWIFT_OPTIMIZATION_LEVEL = "-O";
				SWIFT_VERSION = 6.0;
				VALIDATE_PRODUCT = YES;
				WATCHOS_DEPLOYMENT_TARGET = 10.0;
			};
			name = Release;
		};
		F20000000000000000000003 /* Debug */ = {
			isa = XCBuildConfiguration;
			buildSettings = {
				ASSETCATALOG_COMPILER_GENERATE_SWIFT_ASSET_SYMBOL_EXTENSIONS = YES;
				CODE_SIGN_STYLE = Automatic;
				CURRENT_PROJECT_VERSION = 1;
				DEVELOPMENT_ASSET_PATHS = "";
				DEVELOPMENT_TEAM = V7PV54FASQ;
				ENABLE_PREVIEWS = YES;
				GENERATE_INFOPLIST_FILE = YES;
				INFOPLIST_KEY_CFBundleDisplayName = Yucca;
				INFOPLIST_KEY_LSApplicationCategoryType = "public.app-category.productivity";
				INFOPLIST_KEY_UIApplicationSceneManifest_Generation = YES;
				INFOPLIST_KEY_UILaunchScreen_Generation = YES;
				INFOPLIST_KEY_UISupportedInterfaceOrientations_iPad = "UIInterfaceOrientationPortrait UIInterfaceOrientationPortraitUpsideDown UIInterfaceOrientationLandscapeLeft UIInterfaceOrientationLandscapeRight";
				INFOPLIST_KEY_UISupportedInterfaceOrientations_iPhone = "UIInterfaceOrientationPortrait UIInterfaceOrientationLandscapeLeft UIInterfaceOrientationLandscapeRight";
				IPHONEOS_DEPLOYMENT_TARGET = 17.0;
				MARKETING_VERSION = 1.0;
				PRODUCT_BUNDLE_IDENTIFIER = de.ndurner.yucca;
				PRODUCT_NAME = "$(TARGET_NAME)";
				SWIFT_EMIT_LOC_STRINGS = YES;
				TARGETED_DEVICE_FAMILY = "1,2";
			};
			name = Debug;
		};
		F20000000000000000000004 /* Release */ = {
			isa = XCBuildConfiguration;
			buildSettings = {
				ASSETCATALOG_COMPILER_GENERATE_SWIFT_ASSET_SYMBOL_EXTENSIONS = YES;
				CODE_SIGN_STYLE = Automatic;
				CURRENT_PROJECT_VERSION = 1;
				DEVELOPMENT_TEAM = V7PV54FASQ;
				ENABLE_PREVIEWS = YES;
				GENERATE_INFOPLIST_FILE = YES;
				INFOPLIST_KEY_CFBundleDisplayName = Yucca;
				INFOPLIST_KEY_LSApplicationCategoryType = "public.app-category.productivity";
				INFOPLIST_KEY_UIApplicationSceneManifest_Generation = YES;
				INFOPLIST_KEY_UILaunchScreen_Generation = YES;
				INFOPLIST_KEY_UISupportedInterfaceOrientations_iPad = "UIInterfaceOrientationPortrait UIInterfaceOrientationPortraitUpsideDown UIInterfaceOrientationLandscapeLeft UIInterfaceOrientationLandscapeRight";
				INFOPLIST_KEY_UISupportedInterfaceOrientations_iPhone = "UIInterfaceOrientationPortrait UIInterfaceOrientationLandscapeLeft UIInterfaceOrientationLandscapeRight";
				IPHONEOS_DEPLOYMENT_TARGET = 17.0;
				MARKETING_VERSION = 1.0;
				PRODUCT_BUNDLE_IDENTIFIER = de.ndurner.yucca;
				PRODUCT_NAME = "$(TARGET_NAME)";
				SWIFT_EMIT_LOC_STRINGS = YES;
				TARGETED_DEVICE_FAMILY = "1,2";
			};
			name = Release;
		};
		F20000000000000000000005 /* Debug */ = {
			isa = XCBuildConfiguration;
			buildSettings = {
				CODE_SIGN_STYLE = Automatic;
				CURRENT_PROJECT_VERSION = 1;
				ENABLE_PREVIEWS = YES;
				GENERATE_INFOPLIST_FILE = YES;
				INFOPLIST_KEY_CFBundleDisplayName = Yucca;
				INFOPLIST_KEY_UISupportedInterfaceOrientations = "UIInterfaceOrientationPortrait UIInterfaceOrientationPortraitUpsideDown";
				INFOPLIST_KEY_WKCompanionAppBundleIdentifier = com.example.yucca;
				LD_RUNPATH_SEARCH_PATHS = (
					"$(inherited)",
					"@executable_path/Frameworks",
				);
				MARKETING_VERSION = 1.0;
				PRODUCT_BUNDLE_IDENTIFIER = com.example.yucca.watchkitapp;
				PRODUCT_NAME = "$(TARGET_NAME)";
				SDKROOT = watchos;
				SKIP_INSTALL = YES;
				SWIFT_EMIT_LOC_STRINGS = YES;
				TARGETED_DEVICE_FAMILY = 4;
				WATCHOS_DEPLOYMENT_TARGET = 10.0;
			};
			name = Debug;
		};
		F20000000000000000000006 /* Release */ = {
			isa = XCBuildConfiguration;
			buildSettings = {
				CODE_SIGN_STYLE = Automatic;
				CURRENT_PROJECT_VERSION = 1;
				ENABLE_PREVIEWS = YES;
				GENERATE_INFOPLIST_FILE = YES;
				INFOPLIST_KEY_CFBundleDisplayName = Yucca;
				INFOPLIST_KEY_UISupportedInterfaceOrientations = "UIInterfaceOrientationPortrait UIInterfaceOrientationPortraitUpsideDown";
				INFOPLIST_KEY_WKCompanionAppBundleIdentifier = com.example.yucca;
				LD_RUNPATH_SEARCH_PATHS = (
					"$(inherited)",
					"@executable_path/Frameworks",
				);
				MARKETING_VERSION = 1.0;
				PRODUCT_BUNDLE_IDENTIFIER = com.example.yucca.watchkitapp;
				PRODUCT_NAME = "$(TARGET_NAME)";
				SDKROOT = watchos;
				SKIP_INSTALL = YES;
				SWIFT_EMIT_LOC_STRINGS = YES;
				TARGETED_DEVICE_FAMILY = 4;
				WATCHOS_DEPLOYMENT_TARGET = 10.0;
			};
			name = Release;
		};
		F20000000000000000000007 /* Debug */ = {
			isa = XCBuildConfiguration;
			buildSettings = {
				BUNDLE_LOADER = "$(TEST_HOST)";
				CODE_SIGN_STYLE = Automatic;
				GENERATE_INFOPLIST_FILE = YES;
				IPHONEOS_DEPLOYMENT_TARGET = 17.0;
				PRODUCT_BUNDLE_IDENTIFIER = com.example.yucca.tests;
				PRODUCT_NAME = "$(TARGET_NAME)";
				SDKROOT = iphoneos;
				SWIFT_VERSION = 6.0;
				TARGETED_DEVICE_FAMILY = "1,2";
				TEST_HOST = "$(BUILT_PRODUCTS_DIR)/Yucca.app/$(BUNDLE_EXECUTABLE_FOLDER_PATH)/Yucca";
			};
			name = Debug;
		};
		F20000000000000000000008 /* Release */ = {
			isa = XCBuildConfiguration;
			buildSettings = {
				BUNDLE_LOADER = "$(TEST_HOST)";
				CODE_SIGN_STYLE = Automatic;
				GENERATE_INFOPLIST_FILE = YES;
				IPHONEOS_DEPLOYMENT_TARGET = 17.0;
				PRODUCT_BUNDLE_IDENTIFIER = com.example.yucca.tests;
				PRODUCT_NAME = "$(TARGET_NAME)";
				SDKROOT = iphoneos;
				SWIFT_VERSION = 6.0;
				TARGETED_DEVICE_FAMILY = "1,2";
				TEST_HOST = "$(BUILT_PRODUCTS_DIR)/Yucca.app/$(BUNDLE_EXECUTABLE_FOLDER_PATH)/Yucca";
			};
			name = Release;
		};
/* End XCBuildConfiguration section */

/* Begin XCConfigurationList section */
		F30000000000000000000001 /* Build configuration list for PBXNativeTarget "Yucca" */ = {
			isa = XCConfigurationList;
			buildConfigurations = (
				F20000000000000000000003 /* Debug */,
				F20000000000000000000004 /* Release */,
			);
			defaultConfigurationIsVisible = 0;
			defaultConfigurationName = Release;
		};
		F30000000000000000000002 /* Build configuration list for PBXNativeTarget "Yucca Watch App" */ = {
			isa = XCConfigurationList;
			buildConfigurations = (
				F20000000000000000000005 /* Debug */,
				F20000000000000000000006 /* Release */,
			);
			defaultConfigurationIsVisible = 0;
			defaultConfigurationName = Release;
		};
		F30000000000000000000003 /* Build configuration list for PBXNativeTarget "YuccaTests" */ = {
			isa = XCConfigurationList;
			buildConfigurations = (
				F20000000000000000000007 /* Debug */,
				F20000000000000000000008 /* Release */,
			);
			defaultConfigurationIsVisible = 0;
			defaultConfigurationName = Release;
		};
		F30000000000000000000004 /* Build configuration list for PBXProject "Yucca" */ = {
			isa = XCConfigurationList;
			buildConfigurations = (
				F20000000000000000000001 /* Debug */,
				F20000000000000000000002 /* Release */,
			);
			defaultConfigurationIsVisible = 0;
			defaultConfigurationName = Release;
		};
/* End XCConfigurationList section */
	};
	rootObject = F00000000000000000000001 /* Project object */;
}
